// !$*UTF8*$!
{
	archiveVersion = 1;
	classes = {
	};
	objectVersion = 46;
	objects = {

/* Begin PBXBuildFile section */
		0510F8B417ED48120050AF5E /* ANTRadar.m in Sources */ = {isa = PBXBuildFile; fileRef = 0510F8B317ED48120050AF5E /* ANTRadar.m */; };
		054F27CD17EB5AFD00CADC47 /* ANTDatabaseMigrationBuilderTests.m in Sources */ = {isa = PBXBuildFile; fileRef = 05C9D39B17EB558800A6C3A4 /* ANTDatabaseMigrationBuilderTests.m */; };
		054F27CE17EB5B0100CADC47 /* PLFoundation.framework in Frameworks */ = {isa = PBXBuildFile; fileRef = 05E8332A17D93B0900DF3F9D /* PLFoundation.framework */; };
		054F27CF17EB757E00CADC47 /* PlausibleDatabase.framework in Frameworks */ = {isa = PBXBuildFile; fileRef = 05C9D38D17EB4EF400A6C3A4 /* PlausibleDatabase.framework */; };
		054F27D217EBC75700CADC47 /* ANTRadarResponse.m in Sources */ = {isa = PBXBuildFile; fileRef = 054F27D117EBC75700CADC47 /* ANTRadarResponse.m */; };
		0562055817D9A453009795FD /* ANTPreferencesWindowController.xib in Resources */ = {isa = PBXBuildFile; fileRef = 0562055717D9A453009795FD /* ANTPreferencesWindowController.xib */; };
		0562055B17DAAC9C009795FD /* ANTPreferencesAccountCellView.m in Sources */ = {isa = PBXBuildFile; fileRef = 0562055A17DAAC9C009795FD /* ANTPreferencesAccountCellView.m */; };
		0562055F17DAD909009795FD /* openradar_icon.pdf in Resources */ = {isa = PBXBuildFile; fileRef = 0562055E17DAD909009795FD /* openradar_icon.pdf */; };
		0562056317DAE1DF009795FD /* ANTPreferencesAppleAccountViewController.m in Sources */ = {isa = PBXBuildFile; fileRef = 0562056117DAE1DF009795FD /* ANTPreferencesAppleAccountViewController.m */; };
		0562056417DAE1DF009795FD /* ANTPreferencesAppleAccountViewController.xib in Resources */ = {isa = PBXBuildFile; fileRef = 0562056217DAE1DF009795FD /* ANTPreferencesAppleAccountViewController.xib */; };
		0562056817DAECE8009795FD /* ANTPreferencesORAccountViewController.m in Sources */ = {isa = PBXBuildFile; fileRef = 0562056617DAECE8009795FD /* ANTPreferencesORAccountViewController.m */; };
		0562056917DAECE8009795FD /* ANTPreferencesORAccountViewController.xib in Resources */ = {isa = PBXBuildFile; fileRef = 0562056717DAECE8009795FD /* ANTPreferencesORAccountViewController.xib */; };
		0562057117DCF3F8009795FD /* AntennaApp.m in Sources */ = {isa = PBXBuildFile; fileRef = 0562057017DCF3F8009795FD /* AntennaApp.m */; };
		057D9E2A17E54BCE00A0F377 /* PXSourceList.m in Sources */ = {isa = PBXBuildFile; fileRef = 057D9E2717E54BCE00A0F377 /* PXSourceList.m */; settings = {COMPILER_FLAGS = "-fno-objc-arc"; }; };
		05987EB517EA43AB006A4B8C /* ANTRadarsWindowItemHeader.m in Sources */ = {isa = PBXBuildFile; fileRef = 05987EB417EA43AB006A4B8C /* ANTRadarsWindowItemHeader.m */; };
		05987EB817EA44AB006A4B8C /* ANTRadarsWindowItemFolder.m in Sources */ = {isa = PBXBuildFile; fileRef = 05987EB717EA44AB006A4B8C /* ANTRadarsWindowItemFolder.m */; };
		05BB3E0D17F73C2700F464E9 /* ANTRadarSummariesResponse.m in Sources */ = {isa = PBXBuildFile; fileRef = 05BB3E0C17F73C2700F464E9 /* ANTRadarSummariesResponse.m */; };
		05C84A3017D54D1B006EFB7D /* Security.framework in Frameworks */ = {isa = PBXBuildFile; fileRef = 05C84A2F17D54D1B006EFB7D /* Security.framework */; };
		05C84A3517D55861006EFB7D /* EMKeychainItem.m in Sources */ = {isa = PBXBuildFile; fileRef = 05C84A3317D55861006EFB7D /* EMKeychainItem.m */; settings = {COMPILER_FLAGS = "-Wno-shorten-64-to-32 -fno-objc-arc"; }; };
		05C84A3617D55861006EFB7D /* ReadMe.rtf in Resources */ = {isa = PBXBuildFile; fileRef = 05C84A3417D55861006EFB7D /* ReadMe.rtf */; };
		05C84A3917D55ECF006EFB7D /* ANTPreferences.m in Sources */ = {isa = PBXBuildFile; fileRef = 05C84A3817D55ECF006EFB7D /* ANTPreferences.m */; };
		05C9D38E17EB4EF400A6C3A4 /* PlausibleDatabase.framework in Frameworks */ = {isa = PBXBuildFile; fileRef = 05C9D38D17EB4EF400A6C3A4 /* PlausibleDatabase.framework */; };
		05C9D38F17EB505A00A6C3A4 /* PlausibleDatabase.framework in Copy Frameworks */ = {isa = PBXBuildFile; fileRef = 05C9D38D17EB4EF400A6C3A4 /* PlausibleDatabase.framework */; };
		05C9D39617EB50CB00A6C3A4 /* ANTLocalRadarCache.m in Sources */ = {isa = PBXBuildFile; fileRef = 05C9D39517EB50CB00A6C3A4 /* ANTLocalRadarCache.m */; };
		05C9D39917EB52A700A6C3A4 /* ANTDatabaseMigrationBuilder.m in Sources */ = {isa = PBXBuildFile; fileRef = 05C9D39817EB52A700A6C3A4 /* ANTDatabaseMigrationBuilder.m */; };
		05C9D3A617EB56BB00A6C3A4 /* XCTest.framework in Frameworks */ = {isa = PBXBuildFile; fileRef = 05C9D39F17EB564B00A6C3A4 /* XCTest.framework */; };
		05C9D3AC17EB56BB00A6C3A4 /* InfoPlist.strings in Resources */ = {isa = PBXBuildFile; fileRef = 05C9D3AA17EB56BB00A6C3A4 /* InfoPlist.strings */; };
		05C9D9D317D43DF90089603A /* Cocoa.framework in Frameworks */ = {isa = PBXBuildFile; fileRef = 05C9D9D217D43DF90089603A /* Cocoa.framework */; };
		05C9D9DD17D43DF90089603A /* InfoPlist.strings in Resources */ = {isa = PBXBuildFile; fileRef = 05C9D9DB17D43DF90089603A /* InfoPlist.strings */; };
		05C9D9DF17D43DF90089603A /* main.m in Sources */ = {isa = PBXBuildFile; fileRef = 05C9D9DE17D43DF90089603A /* main.m */; };
		05C9D9E317D43DF90089603A /* Credits.rtf in Resources */ = {isa = PBXBuildFile; fileRef = 05C9D9E117D43DF90089603A /* Credits.rtf */; };
		05C9D9E617D43DF90089603A /* AntennaAppDelegate.m in Sources */ = {isa = PBXBuildFile; fileRef = 05C9D9E517D43DF90089603A /* AntennaAppDelegate.m */; };
		05C9D9E917D43DF90089603A /* MainMenu.xib in Resources */ = {isa = PBXBuildFile; fileRef = 05C9D9E717D43DF90089603A /* MainMenu.xib */; };
		05C9DA0917D43EB00089603A /* ANTNetworkClient.m in Sources */ = {isa = PBXBuildFile; fileRef = 05C9DA0817D43EB00089603A /* ANTNetworkClient.m */; };
		05C9DA1317D43FB90089603A /* ANTLoginWindowController.m in Sources */ = {isa = PBXBuildFile; fileRef = 05C9DA1117D43FB90089603A /* ANTLoginWindowController.m */; };
		05C9DA1417D43FB90089603A /* ANTLoginWindowController.xib in Resources */ = {isa = PBXBuildFile; fileRef = 05C9DA1217D43FB90089603A /* ANTLoginWindowController.xib */; };
		05C9DA1617D4432B0089603A /* WebKit.framework in Frameworks */ = {isa = PBXBuildFile; fileRef = 05C9DA1517D4432B0089603A /* WebKit.framework */; };
		05C9DA3417D45F830089603A /* MAErrorReportingArray.m in Sources */ = {isa = PBXBuildFile; fileRef = 05C9DA1C17D45F430089603A /* MAErrorReportingArray.m */; };
		05C9DA3617D45F830089603A /* MAErrorReportingDictionary.m in Sources */ = {isa = PBXBuildFile; fileRef = 05C9DA1E17D45F430089603A /* MAErrorReportingDictionary.m */; };
		05C9DA3817D45F830089603A /* MAErrorReportingObject.m in Sources */ = {isa = PBXBuildFile; fileRef = 05C9DA2017D45F430089603A /* MAErrorReportingObject.m */; };
		05C9DA3A17D45F830089603A /* NSObject+MAErrorReporting.m in Sources */ = {isa = PBXBuildFile; fileRef = 05C9DA2317D45F430089603A /* NSObject+MAErrorReporting.m */; };
		05C9DA3D17D462EE0089603A /* ANTRadarSummaryResponse.m in Sources */ = {isa = PBXBuildFile; fileRef = 05C9DA3C17D462EE0089603A /* ANTRadarSummaryResponse.m */; };
		05E8332B17D93B0900DF3F9D /* PLFoundation.framework in Frameworks */ = {isa = PBXBuildFile; fileRef = 05E8332A17D93B0900DF3F9D /* PLFoundation.framework */; };
		05E8332D17D93B2100DF3F9D /* PLFoundation.framework in Copy Frameworks */ = {isa = PBXBuildFile; fileRef = 05E8332A17D93B0900DF3F9D /* PLFoundation.framework */; };
		05E8333417D96EDB00DF3F9D /* ANTErrorDomain.m in Sources */ = {isa = PBXBuildFile; fileRef = 05E8333317D96EDA00DF3F9D /* ANTErrorDomain.m */; };
		05E8333A17D976A100DF3F9D /* ANTNetworkClientAuthResult.m in Sources */ = {isa = PBXBuildFile; fileRef = 05E8333917D976A100DF3F9D /* ANTNetworkClientAuthResult.m */; };
		05E8333F17D97D3E00DF3F9D /* ANTPreferencesWindowController.m in Sources */ = {isa = PBXBuildFile; fileRef = 05E8333D17D97D3E00DF3F9D /* ANTPreferencesWindowController.m */; };
		05F6D70917E2BB5D005EE586 /* ANTSecureTextField.m in Sources */ = {isa = PBXBuildFile; fileRef = 05F6D70817E2BB5D005EE586 /* ANTSecureTextField.m */; };
		05F6D70F17E2CEC3005EE586 /* ANTNetworkClientAccount.m in Sources */ = {isa = PBXBuildFile; fileRef = 05F6D70E17E2CEC3005EE586 /* ANTNetworkClientAccount.m */; };
		05F6D71D17E3DB82005EE586 /* ANTRadarsWindowController.m in Sources */ = {isa = PBXBuildFile; fileRef = 05F6D71B17E3DB82005EE586 /* ANTRadarsWindowController.m */; };
		05F6D71E17E3DB82005EE586 /* ANTRadarsWindowController.xib in Resources */ = {isa = PBXBuildFile; fileRef = 05F6D71C17E3DB82005EE586 /* ANTRadarsWindowController.xib */; };
/* End PBXBuildFile section */

/* Begin PBXContainerItemProxy section */
		05C9D3B017EB56BB00A6C3A4 /* PBXContainerItemProxy */ = {
			isa = PBXContainerItemProxy;
			containerPortal = 05C9D9C717D43DF90089603A /* Project object */;
			proxyType = 1;
			remoteGlobalIDString = 05C9D9CE17D43DF90089603A;
			remoteInfo = Antenna;
		};
/* End PBXContainerItemProxy section */

/* Begin PBXCopyFilesBuildPhase section */
		05E8332C17D93B1800DF3F9D /* Copy Frameworks */ = {
			isa = PBXCopyFilesBuildPhase;
			buildActionMask = 2147483647;
			dstPath = "";
			dstSubfolderSpec = 10;
			files = (
				05E8332D17D93B2100DF3F9D /* PLFoundation.framework in Copy Frameworks */,
				05C9D38F17EB505A00A6C3A4 /* PlausibleDatabase.framework in Copy Frameworks */,
			);
			name = "Copy Frameworks";
			runOnlyForDeploymentPostprocessing = 0;
		};
/* End PBXCopyFilesBuildPhase section */

/* Begin PBXFileReference section */
		0510F8B217ED48120050AF5E /* ANTRadar.h */ = {isa = PBXFileReference; fileEncoding = 4; lastKnownFileType = sourcecode.c.h; path = ANTRadar.h; sourceTree = "<group>"; };
		0510F8B317ED48120050AF5E /* ANTRadar.m */ = {isa = PBXFileReference; fileEncoding = 4; lastKnownFileType = sourcecode.c.objc; path = ANTRadar.m; sourceTree = "<group>"; };
		0529C88C17E67AC500FCD30C /* ANTNetworkClientObserver.h */ = {isa = PBXFileReference; fileEncoding = 4; lastKnownFileType = sourcecode.c.h; path = ANTNetworkClientObserver.h; sourceTree = "<group>"; };
		054F27D017EBC75700CADC47 /* ANTRadarResponse.h */ = {isa = PBXFileReference; fileEncoding = 4; lastKnownFileType = sourcecode.c.h; path = ANTRadarResponse.h; sourceTree = "<group>"; };
		054F27D117EBC75700CADC47 /* ANTRadarResponse.m */ = {isa = PBXFileReference; fileEncoding = 4; lastKnownFileType = sourcecode.c.objc; path = ANTRadarResponse.m; sourceTree = "<group>"; };
		0562055717D9A453009795FD /* ANTPreferencesWindowController.xib */ = {isa = PBXFileReference; fileEncoding = 4; lastKnownFileType = file.xib; path = ANTPreferencesWindowController.xib; sourceTree = "<group>"; };
		0562055917DAAC9C009795FD /* ANTPreferencesAccountCellView.h */ = {isa = PBXFileReference; fileEncoding = 4; lastKnownFileType = sourcecode.c.h; path = ANTPreferencesAccountCellView.h; sourceTree = "<group>"; };
		0562055A17DAAC9C009795FD /* ANTPreferencesAccountCellView.m */ = {isa = PBXFileReference; fileEncoding = 4; lastKnownFileType = sourcecode.c.objc; path = ANTPreferencesAccountCellView.m; sourceTree = "<group>"; };
		0562055E17DAD909009795FD /* openradar_icon.pdf */ = {isa = PBXFileReference; lastKnownFileType = image.pdf; path = openradar_icon.pdf; sourceTree = "<group>"; };
		0562056017DAE1DF009795FD /* ANTPreferencesAppleAccountViewController.h */ = {isa = PBXFileReference; fileEncoding = 4; lastKnownFileType = sourcecode.c.h; path = ANTPreferencesAppleAccountViewController.h; sourceTree = "<group>"; };
		0562056117DAE1DF009795FD /* ANTPreferencesAppleAccountViewController.m */ = {isa = PBXFileReference; fileEncoding = 4; lastKnownFileType = sourcecode.c.objc; path = ANTPreferencesAppleAccountViewController.m; sourceTree = "<group>"; };
		0562056217DAE1DF009795FD /* ANTPreferencesAppleAccountViewController.xib */ = {isa = PBXFileReference; fileEncoding = 4; lastKnownFileType = file.xib; path = ANTPreferencesAppleAccountViewController.xib; sourceTree = "<group>"; };
		0562056517DAECE8009795FD /* ANTPreferencesORAccountViewController.h */ = {isa = PBXFileReference; fileEncoding = 4; lastKnownFileType = sourcecode.c.h; path = ANTPreferencesORAccountViewController.h; sourceTree = "<group>"; };
		0562056617DAECE8009795FD /* ANTPreferencesORAccountViewController.m */ = {isa = PBXFileReference; fileEncoding = 4; lastKnownFileType = sourcecode.c.objc; path = ANTPreferencesORAccountViewController.m; sourceTree = "<group>"; };
		0562056717DAECE8009795FD /* ANTPreferencesORAccountViewController.xib */ = {isa = PBXFileReference; fileEncoding = 4; lastKnownFileType = file.xib; path = ANTPreferencesORAccountViewController.xib; sourceTree = "<group>"; };
		0562056F17DCF3F8009795FD /* AntennaApp.h */ = {isa = PBXFileReference; fileEncoding = 4; lastKnownFileType = sourcecode.c.h; path = AntennaApp.h; sourceTree = "<group>"; };
		0562057017DCF3F8009795FD /* AntennaApp.m */ = {isa = PBXFileReference; fileEncoding = 4; lastKnownFileType = sourcecode.c.objc; path = AntennaApp.m; sourceTree = "<group>"; };
		057D9E2617E54BCE00A0F377 /* PXSourceList.h */ = {isa = PBXFileReference; fileEncoding = 4; lastKnownFileType = sourcecode.c.h; path = PXSourceList.h; sourceTree = "<group>"; };
		057D9E2717E54BCE00A0F377 /* PXSourceList.m */ = {isa = PBXFileReference; fileEncoding = 4; lastKnownFileType = sourcecode.c.objc; path = PXSourceList.m; sourceTree = "<group>"; };
		057D9E2817E54BCE00A0F377 /* PXSourceListDataSource.h */ = {isa = PBXFileReference; fileEncoding = 4; lastKnownFileType = sourcecode.c.h; path = PXSourceListDataSource.h; sourceTree = "<group>"; };
		057D9E2917E54BCE00A0F377 /* PXSourceListDelegate.h */ = {isa = PBXFileReference; fileEncoding = 4; lastKnownFileType = sourcecode.c.h; path = PXSourceListDelegate.h; sourceTree = "<group>"; };
		05987EB217EA41E3006A4B8C /* ANTRadarsWindowItemDataSource.h */ = {isa = PBXFileReference; fileEncoding = 4; lastKnownFileType = sourcecode.c.h; path = ANTRadarsWindowItemDataSource.h; sourceTree = "<group>"; };
		05987EB317EA43AB006A4B8C /* ANTRadarsWindowItemHeader.h */ = {isa = PBXFileReference; fileEncoding = 4; lastKnownFileType = sourcecode.c.h; path = ANTRadarsWindowItemHeader.h; sourceTree = "<group>"; };
		05987EB417EA43AB006A4B8C /* ANTRadarsWindowItemHeader.m */ = {isa = PBXFileReference; fileEncoding = 4; lastKnownFileType = sourcecode.c.objc; path = ANTRadarsWindowItemHeader.m; sourceTree = "<group>"; };
		05987EB617EA44AB006A4B8C /* ANTRadarsWindowItemFolder.h */ = {isa = PBXFileReference; fileEncoding = 4; lastKnownFileType = sourcecode.c.h; path = ANTRadarsWindowItemFolder.h; sourceTree = "<group>"; };
		05987EB717EA44AB006A4B8C /* ANTRadarsWindowItemFolder.m */ = {isa = PBXFileReference; fileEncoding = 4; lastKnownFileType = sourcecode.c.objc; path = ANTRadarsWindowItemFolder.m; sourceTree = "<group>"; };
		05BB3E0B17F73C2700F464E9 /* ANTRadarSummariesResponse.h */ = {isa = PBXFileReference; fileEncoding = 4; lastKnownFileType = sourcecode.c.h; path = ANTRadarSummariesResponse.h; sourceTree = "<group>"; };
		05BB3E0C17F73C2700F464E9 /* ANTRadarSummariesResponse.m */ = {isa = PBXFileReference; fileEncoding = 4; lastKnownFileType = sourcecode.c.objc; path = ANTRadarSummariesResponse.m; sourceTree = "<group>"; };
		05C84A2F17D54D1B006EFB7D /* Security.framework */ = {isa = PBXFileReference; lastKnownFileType = wrapper.framework; name = Security.framework; path = System/Library/Frameworks/Security.framework; sourceTree = SDKROOT; };
		05C84A3217D55861006EFB7D /* EMKeychainItem.h */ = {isa = PBXFileReference; fileEncoding = 4; lastKnownFileType = sourcecode.c.h; path = EMKeychainItem.h; sourceTree = "<group>"; };
		05C84A3317D55861006EFB7D /* EMKeychainItem.m */ = {isa = PBXFileReference; fileEncoding = 4; lastKnownFileType = sourcecode.c.objc; path = EMKeychainItem.m; sourceTree = "<group>"; };
		05C84A3417D55861006EFB7D /* ReadMe.rtf */ = {isa = PBXFileReference; fileEncoding = 4; lastKnownFileType = text.rtf; path = ReadMe.rtf; sourceTree = "<group>"; };
		05C84A3717D55ECF006EFB7D /* ANTPreferences.h */ = {isa = PBXFileReference; fileEncoding = 4; lastKnownFileType = sourcecode.c.h; path = ANTPreferences.h; sourceTree = "<group>"; };
		05C84A3817D55ECF006EFB7D /* ANTPreferences.m */ = {isa = PBXFileReference; fileEncoding = 4; lastKnownFileType = sourcecode.c.objc; path = ANTPreferences.m; sourceTree = "<group>"; };
		05C9D38D17EB4EF400A6C3A4 /* PlausibleDatabase.framework */ = {isa = PBXFileReference; lastKnownFileType = wrapper.framework; path = PlausibleDatabase.framework; sourceTree = "<group>"; };
		05C9D39417EB50CB00A6C3A4 /* ANTLocalRadarCache.h */ = {isa = PBXFileReference; fileEncoding = 4; lastKnownFileType = sourcecode.c.h; path = ANTLocalRadarCache.h; sourceTree = "<group>"; };
		05C9D39517EB50CB00A6C3A4 /* ANTLocalRadarCache.m */ = {isa = PBXFileReference; fileEncoding = 4; lastKnownFileType = sourcecode.c.objc; path = ANTLocalRadarCache.m; sourceTree = "<group>"; };
		05C9D39717EB52A700A6C3A4 /* ANTDatabaseMigrationBuilder.h */ = {isa = PBXFileReference; fileEncoding = 4; lastKnownFileType = sourcecode.c.h; path = ANTDatabaseMigrationBuilder.h; sourceTree = "<group>"; };
		05C9D39817EB52A700A6C3A4 /* ANTDatabaseMigrationBuilder.m */ = {isa = PBXFileReference; fileEncoding = 4; lastKnownFileType = sourcecode.c.objc; path = ANTDatabaseMigrationBuilder.m; sourceTree = "<group>"; };
		05C9D39B17EB558800A6C3A4 /* ANTDatabaseMigrationBuilderTests.m */ = {isa = PBXFileReference; fileEncoding = 4; lastKnownFileType = sourcecode.c.objc; path = ANTDatabaseMigrationBuilderTests.m; sourceTree = "<group>"; };
		05C9D39F17EB564B00A6C3A4 /* XCTest.framework */ = {isa = PBXFileReference; lastKnownFileType = wrapper.framework; name = XCTest.framework; path = Library/Frameworks/XCTest.framework; sourceTree = DEVELOPER_DIR; };
		05C9D3A517EB56BB00A6C3A4 /* AntennaTests.xctest */ = {isa = PBXFileReference; explicitFileType = wrapper.cfbundle; includeInIndex = 0; path = AntennaTests.xctest; sourceTree = BUILT_PRODUCTS_DIR; };
		05C9D3A917EB56BB00A6C3A4 /* AntennaTests-Info.plist */ = {isa = PBXFileReference; lastKnownFileType = text.plist.xml; path = "AntennaTests-Info.plist"; sourceTree = "<group>"; };
		05C9D3AB17EB56BB00A6C3A4 /* en */ = {isa = PBXFileReference; lastKnownFileType = text.plist.strings; name = en; path = en.lproj/InfoPlist.strings; sourceTree = "<group>"; };
		05C9D3AF17EB56BB00A6C3A4 /* AntennaTests-Prefix.pch */ = {isa = PBXFileReference; lastKnownFileType = sourcecode.c.h; path = "AntennaTests-Prefix.pch"; sourceTree = "<group>"; };
		05C9D9CF17D43DF90089603A /* Antenna.app */ = {isa = PBXFileReference; explicitFileType = wrapper.application; includeInIndex = 0; path = Antenna.app; sourceTree = BUILT_PRODUCTS_DIR; };
		05C9D9D217D43DF90089603A /* Cocoa.framework */ = {isa = PBXFileReference; lastKnownFileType = wrapper.framework; name = Cocoa.framework; path = System/Library/Frameworks/Cocoa.framework; sourceTree = SDKROOT; };
		05C9D9D517D43DF90089603A /* AppKit.framework */ = {isa = PBXFileReference; lastKnownFileType = wrapper.framework; name = AppKit.framework; path = System/Library/Frameworks/AppKit.framework; sourceTree = SDKROOT; };
		05C9D9D617D43DF90089603A /* CoreData.framework */ = {isa = PBXFileReference; lastKnownFileType = wrapper.framework; name = CoreData.framework; path = System/Library/Frameworks/CoreData.framework; sourceTree = SDKROOT; };
		05C9D9D717D43DF90089603A /* Foundation.framework */ = {isa = PBXFileReference; lastKnownFileType = wrapper.framework; name = Foundation.framework; path = System/Library/Frameworks/Foundation.framework; sourceTree = SDKROOT; };
		05C9D9DA17D43DF90089603A /* Antenna-Info.plist */ = {isa = PBXFileReference; lastKnownFileType = text.plist.xml; path = "Antenna-Info.plist"; sourceTree = "<group>"; };
		05C9D9DC17D43DF90089603A /* en */ = {isa = PBXFileReference; lastKnownFileType = text.plist.strings; name = en; path = en.lproj/InfoPlist.strings; sourceTree = "<group>"; };
		05C9D9DE17D43DF90089603A /* main.m */ = {isa = PBXFileReference; lastKnownFileType = sourcecode.c.objc; path = main.m; sourceTree = "<group>"; };
		05C9D9E017D43DF90089603A /* Antenna-Prefix.pch */ = {isa = PBXFileReference; lastKnownFileType = sourcecode.c.h; path = "Antenna-Prefix.pch"; sourceTree = "<group>"; };
		05C9D9E217D43DF90089603A /* en */ = {isa = PBXFileReference; lastKnownFileType = text.rtf; name = en; path = en.lproj/Credits.rtf; sourceTree = "<group>"; };
		05C9D9E417D43DF90089603A /* AntennaAppDelegate.h */ = {isa = PBXFileReference; lastKnownFileType = sourcecode.c.h; path = AntennaAppDelegate.h; sourceTree = "<group>"; };
		05C9D9E517D43DF90089603A /* AntennaAppDelegate.m */ = {isa = PBXFileReference; lastKnownFileType = sourcecode.c.objc; path = AntennaAppDelegate.m; sourceTree = "<group>"; };
		05C9D9E817D43DF90089603A /* en */ = {isa = PBXFileReference; lastKnownFileType = file.xib; name = en; path = en.lproj/MainMenu.xib; sourceTree = "<group>"; };
		05C9D9F017D43DF90089603A /* SenTestingKit.framework */ = {isa = PBXFileReference; lastKnownFileType = wrapper.framework; name = SenTestingKit.framework; path = Library/Frameworks/SenTestingKit.framework; sourceTree = DEVELOPER_DIR; };
		05C9DA0617D43E1C0089603A /* README.md */ = {isa = PBXFileReference; lastKnownFileType = text; path = README.md; sourceTree = "<group>"; };
		05C9DA0717D43EB00089603A /* ANTNetworkClient.h */ = {isa = PBXFileReference; fileEncoding = 4; lastKnownFileType = sourcecode.c.h; path = ANTNetworkClient.h; sourceTree = "<group>"; };
		05C9DA0817D43EB00089603A /* ANTNetworkClient.m */ = {isa = PBXFileReference; fileEncoding = 4; lastKnownFileType = sourcecode.c.objc; path = ANTNetworkClient.m; sourceTree = "<group>"; };
		05C9DA1017D43FB90089603A /* ANTLoginWindowController.h */ = {isa = PBXFileReference; fileEncoding = 4; lastKnownFileType = sourcecode.c.h; path = ANTLoginWindowController.h; sourceTree = "<group>"; };
		05C9DA1117D43FB90089603A /* ANTLoginWindowController.m */ = {isa = PBXFileReference; fileEncoding = 4; lastKnownFileType = sourcecode.c.objc; path = ANTLoginWindowController.m; sourceTree = "<group>"; };
		05C9DA1217D43FB90089603A /* ANTLoginWindowController.xib */ = {isa = PBXFileReference; fileEncoding = 4; lastKnownFileType = file.xib; path = ANTLoginWindowController.xib; sourceTree = "<group>"; };
		05C9DA1517D4432B0089603A /* WebKit.framework */ = {isa = PBXFileReference; lastKnownFileType = wrapper.framework; name = WebKit.framework; path = System/Library/Frameworks/WebKit.framework; sourceTree = SDKROOT; };
		05C9DA1917D45F430089603A /* .gitignore */ = {isa = PBXFileReference; lastKnownFileType = text; path = .gitignore; sourceTree = "<group>"; };
		05C9DA1B17D45F430089603A /* MAErrorReportingArray.h */ = {isa = PBXFileReference; lastKnownFileType = sourcecode.c.h; path = MAErrorReportingArray.h; sourceTree = "<group>"; };
		05C9DA1C17D45F430089603A /* MAErrorReportingArray.m */ = {isa = PBXFileReference; lastKnownFileType = sourcecode.c.objc; path = MAErrorReportingArray.m; sourceTree = "<group>"; };
		05C9DA1D17D45F430089603A /* MAErrorReportingDictionary.h */ = {isa = PBXFileReference; lastKnownFileType = sourcecode.c.h; path = MAErrorReportingDictionary.h; sourceTree = "<group>"; };
		05C9DA1E17D45F430089603A /* MAErrorReportingDictionary.m */ = {isa = PBXFileReference; lastKnownFileType = sourcecode.c.objc; path = MAErrorReportingDictionary.m; sourceTree = "<group>"; };
		05C9DA1F17D45F430089603A /* MAErrorReportingObject.h */ = {isa = PBXFileReference; lastKnownFileType = sourcecode.c.h; path = MAErrorReportingObject.h; sourceTree = "<group>"; };
		05C9DA2017D45F430089603A /* MAErrorReportingObject.m */ = {isa = PBXFileReference; lastKnownFileType = sourcecode.c.objc; path = MAErrorReportingObject.m; sourceTree = "<group>"; };
		05C9DA2117D45F430089603A /* main.m */ = {isa = PBXFileReference; lastKnownFileType = sourcecode.c.objc; path = main.m; sourceTree = "<group>"; };
		05C9DA2217D45F430089603A /* NSObject+MAErrorReporting.h */ = {isa = PBXFileReference; lastKnownFileType = sourcecode.c.h; path = "NSObject+MAErrorReporting.h"; sourceTree = "<group>"; };
		05C9DA2317D45F430089603A /* NSObject+MAErrorReporting.m */ = {isa = PBXFileReference; lastKnownFileType = sourcecode.c.objc; path = "NSObject+MAErrorReporting.m"; sourceTree = "<group>"; };
		05C9DA2917D45F430089603A /* en */ = {isa = PBXFileReference; lastKnownFileType = text.plist.strings; name = en; path = en.lproj/InfoPlist.strings; sourceTree = "<group>"; };
		05C9DA2A17D45F430089603A /* MAPlistTypeCheckingTests-Info.plist */ = {isa = PBXFileReference; lastKnownFileType = text.plist.xml; path = "MAPlistTypeCheckingTests-Info.plist"; sourceTree = "<group>"; };
		05C9DA2B17D45F430089603A /* MAPlistTypeCheckingTests.m */ = {isa = PBXFileReference; lastKnownFileType = sourcecode.c.objc; path = MAPlistTypeCheckingTests.m; sourceTree = "<group>"; };
		05C9DA2C17D45F430089603A /* README.txt */ = {isa = PBXFileReference; lastKnownFileType = text; path = README.txt; sourceTree = "<group>"; };
		05C9DA3B17D462EE0089603A /* ANTRadarSummaryResponse.h */ = {isa = PBXFileReference; fileEncoding = 4; lastKnownFileType = sourcecode.c.h; path = ANTRadarSummaryResponse.h; sourceTree = "<group>"; };
		05C9DA3C17D462EE0089603A /* ANTRadarSummaryResponse.m */ = {isa = PBXFileReference; fileEncoding = 4; lastKnownFileType = sourcecode.c.objc; path = ANTRadarSummaryResponse.m; sourceTree = "<group>"; };
		05E8332A17D93B0900DF3F9D /* PLFoundation.framework */ = {isa = PBXFileReference; lastKnownFileType = wrapper.framework; path = PLFoundation.framework; sourceTree = "<group>"; };
		05E8332E17D93C4100DF3F9D /* ANTNetworkClientAuthDelegate.h */ = {isa = PBXFileReference; fileEncoding = 4; lastKnownFileType = sourcecode.c.h; path = ANTNetworkClientAuthDelegate.h; sourceTree = "<group>"; };
		05E8333217D96EDA00DF3F9D /* ANTErrorDomain.h */ = {isa = PBXFileReference; fileEncoding = 4; lastKnownFileType = sourcecode.c.h; path = ANTErrorDomain.h; sourceTree = "<group>"; };
		05E8333317D96EDA00DF3F9D /* ANTErrorDomain.m */ = {isa = PBXFileReference; fileEncoding = 4; lastKnownFileType = sourcecode.c.objc; path = ANTErrorDomain.m; sourceTree = "<group>"; };
		05E8333817D976A100DF3F9D /* ANTNetworkClientAuthResult.h */ = {isa = PBXFileReference; fileEncoding = 4; lastKnownFileType = sourcecode.c.h; path = ANTNetworkClientAuthResult.h; sourceTree = "<group>"; };
		05E8333917D976A100DF3F9D /* ANTNetworkClientAuthResult.m */ = {isa = PBXFileReference; fileEncoding = 4; lastKnownFileType = sourcecode.c.objc; path = ANTNetworkClientAuthResult.m; sourceTree = "<group>"; };
		05E8333C17D97D3E00DF3F9D /* ANTPreferencesWindowController.h */ = {isa = PBXFileReference; fileEncoding = 4; lastKnownFileType = sourcecode.c.h; path = ANTPreferencesWindowController.h; sourceTree = "<group>"; };
		05E8333D17D97D3E00DF3F9D /* ANTPreferencesWindowController.m */ = {isa = PBXFileReference; fileEncoding = 4; lastKnownFileType = sourcecode.c.objc; path = ANTPreferencesWindowController.m; sourceTree = "<group>"; };
		05F6D70717E2BB5D005EE586 /* ANTSecureTextField.h */ = {isa = PBXFileReference; fileEncoding = 4; lastKnownFileType = sourcecode.c.h; path = ANTSecureTextField.h; sourceTree = "<group>"; };
		05F6D70817E2BB5D005EE586 /* ANTSecureTextField.m */ = {isa = PBXFileReference; fileEncoding = 4; lastKnownFileType = sourcecode.c.objc; path = ANTSecureTextField.m; sourceTree = "<group>"; };
		05F6D70A17E2BB85005EE586 /* NSControl+ANTFirstResponderNotification.h */ = {isa = PBXFileReference; fileEncoding = 4; lastKnownFileType = sourcecode.c.h; path = "NSControl+ANTFirstResponderNotification.h"; sourceTree = "<group>"; };
		05F6D70D17E2CEC3005EE586 /* ANTNetworkClientAccount.h */ = {isa = PBXFileReference; fileEncoding = 4; lastKnownFileType = sourcecode.c.h; path = ANTNetworkClientAccount.h; sourceTree = "<group>"; };
		05F6D70E17E2CEC3005EE586 /* ANTNetworkClientAccount.m */ = {isa = PBXFileReference; fileEncoding = 4; lastKnownFileType = sourcecode.c.objc; path = ANTNetworkClientAccount.m; sourceTree = "<group>"; };
		05F6D71A17E3DB82005EE586 /* ANTRadarsWindowController.h */ = {isa = PBXFileReference; fileEncoding = 4; lastKnownFileType = sourcecode.c.h; path = ANTRadarsWindowController.h; sourceTree = "<group>"; };
		05F6D71B17E3DB82005EE586 /* ANTRadarsWindowController.m */ = {isa = PBXFileReference; fileEncoding = 4; lastKnownFileType = sourcecode.c.objc; path = ANTRadarsWindowController.m; sourceTree = "<group>"; };
		05F6D71C17E3DB82005EE586 /* ANTRadarsWindowController.xib */ = {isa = PBXFileReference; fileEncoding = 4; lastKnownFileType = file.xib; path = ANTRadarsWindowController.xib; sourceTree = "<group>"; };
/* End PBXFileReference section */

/* Begin PBXFrameworksBuildPhase section */
		05C9D3A217EB56BB00A6C3A4 /* Frameworks */ = {
			isa = PBXFrameworksBuildPhase;
			buildActionMask = 2147483647;
			files = (
				054F27CE17EB5B0100CADC47 /* PLFoundation.framework in Frameworks */,
				054F27CF17EB757E00CADC47 /* PlausibleDatabase.framework in Frameworks */,
				05C9D3A617EB56BB00A6C3A4 /* XCTest.framework in Frameworks */,
			);
			runOnlyForDeploymentPostprocessing = 0;
		};
		05C9D9CC17D43DF90089603A /* Frameworks */ = {
			isa = PBXFrameworksBuildPhase;
			buildActionMask = 2147483647;
			files = (
				05C84A3017D54D1B006EFB7D /* Security.framework in Frameworks */,
				05C9DA1617D4432B0089603A /* WebKit.framework in Frameworks */,
				05C9D9D317D43DF90089603A /* Cocoa.framework in Frameworks */,
				05C9D38E17EB4EF400A6C3A4 /* PlausibleDatabase.framework in Frameworks */,
				05E8332B17D93B0900DF3F9D /* PLFoundation.framework in Frameworks */,
			);
			runOnlyForDeploymentPostprocessing = 0;
		};
/* End PBXFrameworksBuildPhase section */

/* Begin PBXGroup section */
		057D9E2517E54B9C00A0F377 /* PXSourceList */ = {
			isa = PBXGroup;
			children = (
				057D9E2617E54BCE00A0F377 /* PXSourceList.h */,
				057D9E2717E54BCE00A0F377 /* PXSourceList.m */,
				057D9E2817E54BCE00A0F377 /* PXSourceListDataSource.h */,
				057D9E2917E54BCE00A0F377 /* PXSourceListDelegate.h */,
			);
			path = PXSourceList;
			sourceTree = "<group>";
		};
		05C84A3117D55861006EFB7D /* EMKeychain */ = {
			isa = PBXGroup;
			children = (
				05C84A3217D55861006EFB7D /* EMKeychainItem.h */,
				05C84A3317D55861006EFB7D /* EMKeychainItem.m */,
				05C84A3417D55861006EFB7D /* ReadMe.rtf */,
			);
			path = EMKeychain;
			sourceTree = "<group>";
		};
		05C9D38C17EAA5E400A6C3A4 /* Radar Cache */ = {
			isa = PBXGroup;
			children = (
				0510F8B217ED48120050AF5E /* ANTRadar.h */,
				0510F8B317ED48120050AF5E /* ANTRadar.m */,
				05C9D39417EB50CB00A6C3A4 /* ANTLocalRadarCache.h */,
				05C9D39517EB50CB00A6C3A4 /* ANTLocalRadarCache.m */,
			);
			name = "Radar Cache";
			sourceTree = "<group>";
		};
		05C9D39A17EB52AA00A6C3A4 /* Database Migrations */ = {
			isa = PBXGroup;
			children = (
				05C9D39717EB52A700A6C3A4 /* ANTDatabaseMigrationBuilder.h */,
				05C9D39817EB52A700A6C3A4 /* ANTDatabaseMigrationBuilder.m */,
				05C9D39B17EB558800A6C3A4 /* ANTDatabaseMigrationBuilderTests.m */,
			);
			name = "Database Migrations";
			sourceTree = "<group>";
		};
		05C9D3A717EB56BB00A6C3A4 /* AntennaTests */ = {
			isa = PBXGroup;
			children = (
				05C9D3A817EB56BB00A6C3A4 /* Supporting Files */,
			);
			path = AntennaTests;
			sourceTree = "<group>";
		};
		05C9D3A817EB56BB00A6C3A4 /* Supporting Files */ = {
			isa = PBXGroup;
			children = (
				05C9D3A917EB56BB00A6C3A4 /* AntennaTests-Info.plist */,
				05C9D3AA17EB56BB00A6C3A4 /* InfoPlist.strings */,
				05C9D3AF17EB56BB00A6C3A4 /* AntennaTests-Prefix.pch */,
			);
			name = "Supporting Files";
			sourceTree = "<group>";
		};
		05C9D9C617D43DF90089603A = {
			isa = PBXGroup;
			children = (
				05C9D9D817D43DF90089603A /* Antenna */,
				05C9D3A717EB56BB00A6C3A4 /* AntennaTests */,
				05C9DA1717D45F430089603A /* Dependencies */,
				05C9D9D117D43DF90089603A /* Frameworks */,
				05C9D9D017D43DF90089603A /* Products */,
				05C9DA0617D43E1C0089603A /* README.md */,
			);
			sourceTree = "<group>";
		};
		05C9D9D017D43DF90089603A /* Products */ = {
			isa = PBXGroup;
			children = (
				05C9D9CF17D43DF90089603A /* Antenna.app */,
				05C9D3A517EB56BB00A6C3A4 /* AntennaTests.xctest */,
			);
			name = Products;
			sourceTree = "<group>";
		};
		05C9D9D117D43DF90089603A /* Frameworks */ = {
			isa = PBXGroup;
			children = (
				05C9D39F17EB564B00A6C3A4 /* XCTest.framework */,
				05C9D9D217D43DF90089603A /* Cocoa.framework */,
				05C9DA1517D4432B0089603A /* WebKit.framework */,
				05C9D9F017D43DF90089603A /* SenTestingKit.framework */,
				05C84A2F17D54D1B006EFB7D /* Security.framework */,
				05C9D9D417D43DF90089603A /* Other Frameworks */,
			);
			name = Frameworks;
			sourceTree = "<group>";
		};
		05C9D9D417D43DF90089603A /* Other Frameworks */ = {
			isa = PBXGroup;
			children = (
				05C9D9D517D43DF90089603A /* AppKit.framework */,
				05C9D9D617D43DF90089603A /* CoreData.framework */,
				05C9D9D717D43DF90089603A /* Foundation.framework */,
			);
			name = "Other Frameworks";
			sourceTree = "<group>";
		};
		05C9D9D817D43DF90089603A /* Antenna */ = {
			isa = PBXGroup;
			children = (
				0562056F17DCF3F8009795FD /* AntennaApp.h */,
				0562057017DCF3F8009795FD /* AntennaApp.m */,
				05C9D9E417D43DF90089603A /* AntennaAppDelegate.h */,
				05C9D9E517D43DF90089603A /* AntennaAppDelegate.m */,
				05C9D9E717D43DF90089603A /* MainMenu.xib */,
				05E8333617D96EF500DF3F9D /* Cocoa UI */,
				05E8333717D96F0400DF3F9D /* Application Backend */,
				05C9D9D917D43DF90089603A /* Supporting Files */,
			);
			path = Antenna;
			sourceTree = "<group>";
		};
		05C9D9D917D43DF90089603A /* Supporting Files */ = {
			isa = PBXGroup;
			children = (
				05C9D9DA17D43DF90089603A /* Antenna-Info.plist */,
				05C9D9DB17D43DF90089603A /* InfoPlist.strings */,
				05C9D9DE17D43DF90089603A /* main.m */,
				05C9D9E017D43DF90089603A /* Antenna-Prefix.pch */,
				05C9D9E117D43DF90089603A /* Credits.rtf */,
				05E8334117D9840F00DF3F9D /* Resources */,
			);
			name = "Supporting Files";
			sourceTree = "<group>";
		};
		05C9DA0A17D43EF00089603A /* Network Client */ = {
			isa = PBXGroup;
			children = (
				05C9DA0717D43EB00089603A /* ANTNetworkClient.h */,
				05C9DA0817D43EB00089603A /* ANTNetworkClient.m */,
				0529C88C17E67AC500FCD30C /* ANTNetworkClientObserver.h */,
				05E8333817D976A100DF3F9D /* ANTNetworkClientAuthResult.h */,
				05E8333917D976A100DF3F9D /* ANTNetworkClientAuthResult.m */,
				05E8332E17D93C4100DF3F9D /* ANTNetworkClientAuthDelegate.h */,
				05F6D70D17E2CEC3005EE586 /* ANTNetworkClientAccount.h */,
				05F6D70E17E2CEC3005EE586 /* ANTNetworkClientAccount.m */,
				05BB3E0B17F73C2700F464E9 /* ANTRadarSummariesResponse.h */,
				05BB3E0C17F73C2700F464E9 /* ANTRadarSummariesResponse.m */,
				05C9DA3B17D462EE0089603A /* ANTRadarSummaryResponse.h */,
				05C9DA3C17D462EE0089603A /* ANTRadarSummaryResponse.m */,
				054F27D017EBC75700CADC47 /* ANTRadarResponse.h */,
				054F27D117EBC75700CADC47 /* ANTRadarResponse.m */,
			);
			name = "Network Client";
			sourceTree = "<group>";
		};
		05C9DA1717D45F430089603A /* Dependencies */ = {
			isa = PBXGroup;
			children = (
				057D9E2517E54B9C00A0F377 /* PXSourceList */,
				05C84A3117D55861006EFB7D /* EMKeychain */,
				05C9DA1817D45F430089603A /* MAPlistTypeChecking */,
				05E8332A17D93B0900DF3F9D /* PLFoundation.framework */,
				05C9D38D17EB4EF400A6C3A4 /* PlausibleDatabase.framework */,
				05C9DA2C17D45F430089603A /* README.txt */,
			);
			path = Dependencies;
			sourceTree = "<group>";
		};
		05C9DA1817D45F430089603A /* MAPlistTypeChecking */ = {
			isa = PBXGroup;
			children = (
				05C9DA1917D45F430089603A /* .gitignore */,
				05C9DA1A17D45F430089603A /* MAPlistTypeChecking */,
				05C9DA2717D45F430089603A /* MAPlistTypeCheckingTests */,
			);
			path = MAPlistTypeChecking;
			sourceTree = "<group>";
		};
		05C9DA1A17D45F430089603A /* MAPlistTypeChecking */ = {
			isa = PBXGroup;
			children = (
				05C9DA1B17D45F430089603A /* MAErrorReportingArray.h */,
				05C9DA1C17D45F430089603A /* MAErrorReportingArray.m */,
				05C9DA1D17D45F430089603A /* MAErrorReportingDictionary.h */,
				05C9DA1E17D45F430089603A /* MAErrorReportingDictionary.m */,
				05C9DA1F17D45F430089603A /* MAErrorReportingObject.h */,
				05C9DA2017D45F430089603A /* MAErrorReportingObject.m */,
				05C9DA2117D45F430089603A /* main.m */,
				05C9DA2217D45F430089603A /* NSObject+MAErrorReporting.h */,
				05C9DA2317D45F430089603A /* NSObject+MAErrorReporting.m */,
			);
			path = MAPlistTypeChecking;
			sourceTree = "<group>";
		};
		05C9DA2717D45F430089603A /* MAPlistTypeCheckingTests */ = {
			isa = PBXGroup;
			children = (
				05C9DA2817D45F430089603A /* InfoPlist.strings */,
				05C9DA2A17D45F430089603A /* MAPlistTypeCheckingTests-Info.plist */,
				05C9DA2B17D45F430089603A /* MAPlistTypeCheckingTests.m */,
			);
			path = MAPlistTypeCheckingTests;
			sourceTree = "<group>";
		};
		05E8333017D95D4300DF3F9D /* Login UI */ = {
			isa = PBXGroup;
			children = (
				05C9DA1017D43FB90089603A /* ANTLoginWindowController.h */,
				05C9DA1117D43FB90089603A /* ANTLoginWindowController.m */,
				05C9DA1217D43FB90089603A /* ANTLoginWindowController.xib */,
			);
			name = "Login UI";
			sourceTree = "<group>";
		};
		05E8333117D95D5200DF3F9D /* Preferences */ = {
			isa = PBXGroup;
			children = (
				05C84A3717D55ECF006EFB7D /* ANTPreferences.h */,
				05C84A3817D55ECF006EFB7D /* ANTPreferences.m */,
			);
			name = Preferences;
			sourceTree = "<group>";
		};
		05E8333517D96EE100DF3F9D /* Error Codes */ = {
			isa = PBXGroup;
			children = (
				05E8333217D96EDA00DF3F9D /* ANTErrorDomain.h */,
				05E8333317D96EDA00DF3F9D /* ANTErrorDomain.m */,
			);
			name = "Error Codes";
			sourceTree = "<group>";
		};
		05E8333617D96EF500DF3F9D /* Cocoa UI */ = {
			isa = PBXGroup;
			children = (
				05F6D71917E3DB6D005EE586 /* Radars Window */,
				05E8333B17D97D1E00DF3F9D /* Preferences */,
				05E8333017D95D4300DF3F9D /* Login UI */,
				05F6D70617E2BB3E005EE586 /* API Extensions */,
			);
			name = "Cocoa UI";
			sourceTree = "<group>";
		};
		05E8333717D96F0400DF3F9D /* Application Backend */ = {
			isa = PBXGroup;
			children = (
				05E8333517D96EE100DF3F9D /* Error Codes */,
				05E8333117D95D5200DF3F9D /* Preferences */,
				05C9DA0A17D43EF00089603A /* Network Client */,
				05C9D38C17EAA5E400A6C3A4 /* Radar Cache */,
				05C9D39A17EB52AA00A6C3A4 /* Database Migrations */,
			);
			name = "Application Backend";
			sourceTree = "<group>";
		};
		05E8333B17D97D1E00DF3F9D /* Preferences */ = {
			isa = PBXGroup;
			children = (
				05E8333C17D97D3E00DF3F9D /* ANTPreferencesWindowController.h */,
				05E8333D17D97D3E00DF3F9D /* ANTPreferencesWindowController.m */,
				0562055717D9A453009795FD /* ANTPreferencesWindowController.xib */,
				0562055917DAAC9C009795FD /* ANTPreferencesAccountCellView.h */,
				0562055A17DAAC9C009795FD /* ANTPreferencesAccountCellView.m */,
				0562056017DAE1DF009795FD /* ANTPreferencesAppleAccountViewController.h */,
				0562056117DAE1DF009795FD /* ANTPreferencesAppleAccountViewController.m */,
				0562056217DAE1DF009795FD /* ANTPreferencesAppleAccountViewController.xib */,
				0562056517DAECE8009795FD /* ANTPreferencesORAccountViewController.h */,
				0562056617DAECE8009795FD /* ANTPreferencesORAccountViewController.m */,
				0562056717DAECE8009795FD /* ANTPreferencesORAccountViewController.xib */,
			);
			name = Preferences;
			sourceTree = "<group>";
		};
		05E8334117D9840F00DF3F9D /* Resources */ = {
			isa = PBXGroup;
			children = (
				0562055E17DAD909009795FD /* openradar_icon.pdf */,
			);
			path = Resources;
			sourceTree = "<group>";
		};
		05F6D70617E2BB3E005EE586 /* API Extensions */ = {
			isa = PBXGroup;
			children = (
				05F6D70717E2BB5D005EE586 /* ANTSecureTextField.h */,
				05F6D70817E2BB5D005EE586 /* ANTSecureTextField.m */,
				05F6D70A17E2BB85005EE586 /* NSControl+ANTFirstResponderNotification.h */,
			);
			name = "API Extensions";
			sourceTree = "<group>";
		};
		05F6D71917E3DB6D005EE586 /* Radars Window */ = {
			isa = PBXGroup;
			children = (
				05F6D71A17E3DB82005EE586 /* ANTRadarsWindowController.h */,
				05F6D71B17E3DB82005EE586 /* ANTRadarsWindowController.m */,
				05F6D71C17E3DB82005EE586 /* ANTRadarsWindowController.xib */,
				05987EB217EA41E3006A4B8C /* ANTRadarsWindowItemDataSource.h */,
				05987EB317EA43AB006A4B8C /* ANTRadarsWindowItemHeader.h */,
				05987EB417EA43AB006A4B8C /* ANTRadarsWindowItemHeader.m */,
				05987EB617EA44AB006A4B8C /* ANTRadarsWindowItemFolder.h */,
				05987EB717EA44AB006A4B8C /* ANTRadarsWindowItemFolder.m */,
			);
			name = "Radars Window";
			sourceTree = "<group>";
		};
/* End PBXGroup section */

/* Begin PBXNativeTarget section */
		05C9D3A417EB56BB00A6C3A4 /* AntennaTests */ = {
			isa = PBXNativeTarget;
			buildConfigurationList = 05C9D3B217EB56BB00A6C3A4 /* Build configuration list for PBXNativeTarget "AntennaTests" */;
			buildPhases = (
				05C9D3A117EB56BB00A6C3A4 /* Sources */,
				05C9D3A217EB56BB00A6C3A4 /* Frameworks */,
				05C9D3A317EB56BB00A6C3A4 /* Resources */,
			);
			buildRules = (
			);
			dependencies = (
				05C9D3B117EB56BB00A6C3A4 /* PBXTargetDependency */,
			);
			name = AntennaTests;
			productName = AntennaTests;
			productReference = 05C9D3A517EB56BB00A6C3A4 /* AntennaTests.xctest */;
			productType = "com.apple.product-type.bundle.unit-test";
		};
		05C9D9CE17D43DF90089603A /* Antenna */ = {
			isa = PBXNativeTarget;
			buildConfigurationList = 05C9DA0017D43DF90089603A /* Build configuration list for PBXNativeTarget "Antenna" */;
			buildPhases = (
				05C9D9CB17D43DF90089603A /* Sources */,
				05C9D9CC17D43DF90089603A /* Frameworks */,
				05C9D9CD17D43DF90089603A /* Resources */,
				05E8332C17D93B1800DF3F9D /* Copy Frameworks */,
			);
			buildRules = (
			);
			dependencies = (
			);
			name = Antenna;
			productName = Antenna;
			productReference = 05C9D9CF17D43DF90089603A /* Antenna.app */;
			productType = "com.apple.product-type.application";
		};
/* End PBXNativeTarget section */

/* Begin PBXProject section */
		05C9D9C717D43DF90089603A /* Project object */ = {
			isa = PBXProject;
			attributes = {
				CLASSPREFIX = PL;
				LastUpgradeCheck = 0500;
				ORGANIZATIONNAME = "Plausible Labs";
				TargetAttributes = {
					05C9D3A417EB56BB00A6C3A4 = {
						TestTargetID = 05C9D9CE17D43DF90089603A;
					};
				};
			};
			buildConfigurationList = 05C9D9CA17D43DF90089603A /* Build configuration list for PBXProject "Antenna" */;
			compatibilityVersion = "Xcode 3.2";
			developmentRegion = English;
			hasScannedForEncodings = 0;
			knownRegions = (
				en,
			);
			mainGroup = 05C9D9C617D43DF90089603A;
			productRefGroup = 05C9D9D017D43DF90089603A /* Products */;
			projectDirPath = "";
			projectRoot = "";
			targets = (
				05C9D9CE17D43DF90089603A /* Antenna */,
				05C9D3A417EB56BB00A6C3A4 /* AntennaTests */,
			);
		};
/* End PBXProject section */

/* Begin PBXResourcesBuildPhase section */
		05C9D3A317EB56BB00A6C3A4 /* Resources */ = {
			isa = PBXResourcesBuildPhase;
			buildActionMask = 2147483647;
			files = (
				05C9D3AC17EB56BB00A6C3A4 /* InfoPlist.strings in Resources */,
			);
			runOnlyForDeploymentPostprocessing = 0;
		};
		05C9D9CD17D43DF90089603A /* Resources */ = {
			isa = PBXResourcesBuildPhase;
			buildActionMask = 2147483647;
			files = (
				05C9D9DD17D43DF90089603A /* InfoPlist.strings in Resources */,
				05C9D9E317D43DF90089603A /* Credits.rtf in Resources */,
				05C9D9E917D43DF90089603A /* MainMenu.xib in Resources */,
				05C9DA1417D43FB90089603A /* ANTLoginWindowController.xib in Resources */,
				05C84A3617D55861006EFB7D /* ReadMe.rtf in Resources */,
				0562055817D9A453009795FD /* ANTPreferencesWindowController.xib in Resources */,
				05F6D71E17E3DB82005EE586 /* ANTRadarsWindowController.xib in Resources */,
				0562055F17DAD909009795FD /* openradar_icon.pdf in Resources */,
				0562056417DAE1DF009795FD /* ANTPreferencesAppleAccountViewController.xib in Resources */,
				0562056917DAECE8009795FD /* ANTPreferencesORAccountViewController.xib in Resources */,
			);
			runOnlyForDeploymentPostprocessing = 0;
		};
/* End PBXResourcesBuildPhase section */

/* Begin PBXSourcesBuildPhase section */
		05C9D3A117EB56BB00A6C3A4 /* Sources */ = {
			isa = PBXSourcesBuildPhase;
			buildActionMask = 2147483647;
			files = (
				054F27CD17EB5AFD00CADC47 /* ANTDatabaseMigrationBuilderTests.m in Sources */,
			);
			runOnlyForDeploymentPostprocessing = 0;
		};
		05C9D9CB17D43DF90089603A /* Sources */ = {
			isa = PBXSourcesBuildPhase;
			buildActionMask = 2147483647;
			files = (
				05C9D9DF17D43DF90089603A /* main.m in Sources */,
				054F27D217EBC75700CADC47 /* ANTRadarResponse.m in Sources */,
				05C9D9E617D43DF90089603A /* AntennaAppDelegate.m in Sources */,
				05C9DA0917D43EB00089603A /* ANTNetworkClient.m in Sources */,
				05C9DA1317D43FB90089603A /* ANTLoginWindowController.m in Sources */,
				057D9E2A17E54BCE00A0F377 /* PXSourceList.m in Sources */,
				0510F8B417ED48120050AF5E /* ANTRadar.m in Sources */,
				05C9DA3417D45F830089603A /* MAErrorReportingArray.m in Sources */,
				05C9DA3617D45F830089603A /* MAErrorReportingDictionary.m in Sources */,
				05C9D39617EB50CB00A6C3A4 /* ANTLocalRadarCache.m in Sources */,
				05F6D70917E2BB5D005EE586 /* ANTSecureTextField.m in Sources */,
				05F6D70F17E2CEC3005EE586 /* ANTNetworkClientAccount.m in Sources */,
				05987EB517EA43AB006A4B8C /* ANTRadarsWindowItemHeader.m in Sources */,
				05F6D71D17E3DB82005EE586 /* ANTRadarsWindowController.m in Sources */,
				05987EB817EA44AB006A4B8C /* ANTRadarsWindowItemFolder.m in Sources */,
				05C9DA3817D45F830089603A /* MAErrorReportingObject.m in Sources */,
				05C9DA3A17D45F830089603A /* NSObject+MAErrorReporting.m in Sources */,
				05C9DA3D17D462EE0089603A /* ANTRadarSummaryResponse.m in Sources */,
				05C84A3517D55861006EFB7D /* EMKeychainItem.m in Sources */,
				05BB3E0D17F73C2700F464E9 /* ANTRadarSummariesResponse.m in Sources */,
				05C9D39917EB52A700A6C3A4 /* ANTDatabaseMigrationBuilder.m in Sources */,
				05C84A3917D55ECF006EFB7D /* ANTPreferences.m in Sources */,
				05E8333417D96EDB00DF3F9D /* ANTErrorDomain.m in Sources */,
				05E8333A17D976A100DF3F9D /* ANTNetworkClientAuthResult.m in Sources */,
				05E8333F17D97D3E00DF3F9D /* ANTPreferencesWindowController.m in Sources */,
				0562055B17DAAC9C009795FD /* ANTPreferencesAccountCellView.m in Sources */,
				0562056317DAE1DF009795FD /* ANTPreferencesAppleAccountViewController.m in Sources */,
				0562056817DAECE8009795FD /* ANTPreferencesORAccountViewController.m in Sources */,
				0562057117DCF3F8009795FD /* AntennaApp.m in Sources */,
			);
			runOnlyForDeploymentPostprocessing = 0;
		};
/* End PBXSourcesBuildPhase section */

/* Begin PBXTargetDependency section */
		05C9D3B117EB56BB00A6C3A4 /* PBXTargetDependency */ = {
			isa = PBXTargetDependency;
			target = 05C9D9CE17D43DF90089603A /* Antenna */;
			targetProxy = 05C9D3B017EB56BB00A6C3A4 /* PBXContainerItemProxy */;
		};
/* End PBXTargetDependency section */

/* Begin PBXVariantGroup section */
		05C9D3AA17EB56BB00A6C3A4 /* InfoPlist.strings */ = {
			isa = PBXVariantGroup;
			children = (
				05C9D3AB17EB56BB00A6C3A4 /* en */,
			);
			name = InfoPlist.strings;
			sourceTree = "<group>";
		};
		05C9D9DB17D43DF90089603A /* InfoPlist.strings */ = {
			isa = PBXVariantGroup;
			children = (
				05C9D9DC17D43DF90089603A /* en */,
			);
			name = InfoPlist.strings;
			sourceTree = "<group>";
		};
		05C9D9E117D43DF90089603A /* Credits.rtf */ = {
			isa = PBXVariantGroup;
			children = (
				05C9D9E217D43DF90089603A /* en */,
			);
			name = Credits.rtf;
			sourceTree = "<group>";
		};
		05C9D9E717D43DF90089603A /* MainMenu.xib */ = {
			isa = PBXVariantGroup;
			children = (
				05C9D9E817D43DF90089603A /* en */,
			);
			name = MainMenu.xib;
			sourceTree = "<group>";
		};
		05C9DA2817D45F430089603A /* InfoPlist.strings */ = {
			isa = PBXVariantGroup;
			children = (
				05C9DA2917D45F430089603A /* en */,
			);
			name = InfoPlist.strings;
			sourceTree = "<group>";
		};
/* End PBXVariantGroup section */

/* Begin XCBuildConfiguration section */
		05C9D3B317EB56BB00A6C3A4 /* Debug */ = {
			isa = XCBuildConfiguration;
			buildSettings = {
				BUNDLE_LOADER = "$(BUILT_PRODUCTS_DIR)/Antenna.app/Contents/MacOS/Antenna";
				CLANG_WARN_BOOL_CONVERSION = YES;
				CLANG_WARN_DIRECT_OBJC_ISA_USAGE = YES_ERROR;
				CLANG_WARN_OBJC_ROOT_CLASS = YES_ERROR;
				FRAMEWORK_SEARCH_PATHS = (
					"$(DEVELOPER_FRAMEWORKS_DIR)",
					"$(inherited)",
					/Users/landonf/Documents/Code/Personal/Antenna/Dependencies,
				);
				GCC_PRECOMPILE_PREFIX_HEADER = YES;
				GCC_PREFIX_HEADER = "AntennaTests/AntennaTests-Prefix.pch";
				GCC_PREPROCESSOR_DEFINITIONS = (
					"DEBUG=1",
					"$(inherited)",
				);
				GCC_WARN_ABOUT_RETURN_TYPE = YES_ERROR;
				GCC_WARN_UNDECLARED_SELECTOR = YES;
				GCC_WARN_UNUSED_FUNCTION = YES;
				INFOPLIST_FILE = "AntennaTests/AntennaTests-Info.plist";
				PRODUCT_NAME = "$(TARGET_NAME)";
				TEST_HOST = "$(BUNDLE_LOADER)";
				WRAPPER_EXTENSION = xctest;
			};
			name = Debug;
		};
		05C9D3B417EB56BB00A6C3A4 /* Release */ = {
			isa = XCBuildConfiguration;
			buildSettings = {
				BUNDLE_LOADER = "$(BUILT_PRODUCTS_DIR)/Antenna.app/Contents/MacOS/Antenna";
				CLANG_WARN_BOOL_CONVERSION = YES;
				CLANG_WARN_DIRECT_OBJC_ISA_USAGE = YES_ERROR;
				CLANG_WARN_OBJC_ROOT_CLASS = YES_ERROR;
				ENABLE_NS_ASSERTIONS = NO;
				FRAMEWORK_SEARCH_PATHS = (
					"$(DEVELOPER_FRAMEWORKS_DIR)",
					"$(inherited)",
					/Users/landonf/Documents/Code/Personal/Antenna/Dependencies,
				);
				GCC_PRECOMPILE_PREFIX_HEADER = YES;
				GCC_PREFIX_HEADER = "AntennaTests/AntennaTests-Prefix.pch";
				GCC_WARN_ABOUT_RETURN_TYPE = YES_ERROR;
				GCC_WARN_UNDECLARED_SELECTOR = YES;
				GCC_WARN_UNUSED_FUNCTION = YES;
				INFOPLIST_FILE = "AntennaTests/AntennaTests-Info.plist";
				PRODUCT_NAME = "$(TARGET_NAME)";
				TEST_HOST = "$(BUNDLE_LOADER)";
				WRAPPER_EXTENSION = xctest;
			};
			name = Release;
		};
		05C9D9FE17D43DF90089603A /* Debug */ = {
			isa = XCBuildConfiguration;
			buildSettings = {
				ALWAYS_SEARCH_USER_PATHS = NO;
				ARCHS = "$(ARCHS_STANDARD_64_BIT)";
				CLANG_CXX_LANGUAGE_STANDARD = "gnu++0x";
				CLANG_CXX_LIBRARY = "libc++";
				CLANG_ENABLE_OBJC_ARC = YES;
				CLANG_WARN_CONSTANT_CONVERSION = YES;
				CLANG_WARN_EMPTY_BODY = YES;
				CLANG_WARN_ENUM_CONVERSION = YES;
				CLANG_WARN_INT_CONVERSION = YES;
				CLANG_WARN__DUPLICATE_METHOD_MATCH = YES;
				COPY_PHASE_STRIP = NO;
				GCC_C_LANGUAGE_STANDARD = gnu99;
				GCC_DYNAMIC_NO_PIC = NO;
				GCC_ENABLE_OBJC_EXCEPTIONS = YES;
				GCC_OPTIMIZATION_LEVEL = 0;
				GCC_PREPROCESSOR_DEFINITIONS = (
					"DEBUG=1",
					"$(inherited)",
				);
				GCC_SYMBOLS_PRIVATE_EXTERN = NO;
				GCC_WARN_64_TO_32_BIT_CONVERSION = YES;
				GCC_WARN_ABOUT_RETURN_TYPE = YES;
				GCC_WARN_UNINITIALIZED_AUTOS = YES;
				GCC_WARN_UNUSED_VARIABLE = YES;
				MACOSX_DEPLOYMENT_TARGET = 10.8;
				ONLY_ACTIVE_ARCH = YES;
				SDKROOT = macosx;
				WARNING_CFLAGS = (
					"-Wall",
					"-Werror",
					"-Wextra",
					"-Wno-unused-parameter",
				);
			};
			name = Debug;
		};
		05C9D9FF17D43DF90089603A /* Release */ = {
			isa = XCBuildConfiguration;
			buildSettings = {
				ALWAYS_SEARCH_USER_PATHS = NO;
				ARCHS = "$(ARCHS_STANDARD_64_BIT)";
				CLANG_CXX_LANGUAGE_STANDARD = "gnu++0x";
				CLANG_CXX_LIBRARY = "libc++";
				CLANG_ENABLE_OBJC_ARC = YES;
				CLANG_WARN_CONSTANT_CONVERSION = YES;
				CLANG_WARN_EMPTY_BODY = YES;
				CLANG_WARN_ENUM_CONVERSION = YES;
				CLANG_WARN_INT_CONVERSION = YES;
				CLANG_WARN__DUPLICATE_METHOD_MATCH = YES;
				COPY_PHASE_STRIP = YES;
				DEBUG_INFORMATION_FORMAT = "dwarf-with-dsym";
				GCC_C_LANGUAGE_STANDARD = gnu99;
				GCC_ENABLE_OBJC_EXCEPTIONS = YES;
				GCC_WARN_64_TO_32_BIT_CONVERSION = YES;
				GCC_WARN_ABOUT_RETURN_TYPE = YES;
				GCC_WARN_UNINITIALIZED_AUTOS = YES;
				GCC_WARN_UNUSED_VARIABLE = YES;
				MACOSX_DEPLOYMENT_TARGET = 10.8;
				SDKROOT = macosx;
				WARNING_CFLAGS = (
					"-Wall",
					"-Werror",
					"-Wextra",
					"-Wno-unused-parameter",
				);
			};
			name = Release;
		};
		05C9DA0117D43DF90089603A /* Debug */ = {
			isa = XCBuildConfiguration;
			buildSettings = {
				COMBINE_HIDPI_IMAGES = YES;
				FRAMEWORK_SEARCH_PATHS = (
					"$(inherited)",
					"$(SRCROOT)/Dependencies",
				);
				GCC_PRECOMPILE_PREFIX_HEADER = YES;
				GCC_PREFIX_HEADER = "Antenna/Antenna-Prefix.pch";
				INFOPLIST_FILE = "Antenna/Antenna-Info.plist";
				LD_RUNPATH_SEARCH_PATHS = "@loader_path/../Frameworks";
				PRODUCT_NAME = "$(TARGET_NAME)";
				WRAPPER_EXTENSION = app;
			};
			name = Debug;
		};
		05C9DA0217D43DF90089603A /* Release */ = {
			isa = XCBuildConfiguration;
			buildSettings = {
				COMBINE_HIDPI_IMAGES = YES;
				FRAMEWORK_SEARCH_PATHS = (
					"$(inherited)",
					"$(SRCROOT)/Dependencies",
				);
				GCC_PRECOMPILE_PREFIX_HEADER = YES;
				GCC_PREFIX_HEADER = "Antenna/Antenna-Prefix.pch";
				INFOPLIST_FILE = "Antenna/Antenna-Info.plist";
				LD_RUNPATH_SEARCH_PATHS = "@loader_path/../Frameworks";
				PRODUCT_NAME = "$(TARGET_NAME)";
				WRAPPER_EXTENSION = app;
			};
			name = Release;
		};
/* End XCBuildConfiguration section */

/* Begin XCConfigurationList section */
		05C9D3B217EB56BB00A6C3A4 /* Build configuration list for PBXNativeTarget "AntennaTests" */ = {
			isa = XCConfigurationList;
			buildConfigurations = (
				05C9D3B317EB56BB00A6C3A4 /* Debug */,
				05C9D3B417EB56BB00A6C3A4 /* Release */,
			);
			defaultConfigurationIsVisible = 0;
			defaultConfigurationName = Release;
		};
		05C9D9CA17D43DF90089603A /* Build configuration list for PBXProject "Antenna" */ = {
			isa = XCConfigurationList;
			buildConfigurations = (
				05C9D9FE17D43DF90089603A /* Debug */,
				05C9D9FF17D43DF90089603A /* Release */,
			);
			defaultConfigurationIsVisible = 0;
			defaultConfigurationName = Release;
		};
		05C9DA0017D43DF90089603A /* Build configuration list for PBXNativeTarget "Antenna" */ = {
			isa = XCConfigurationList;
			buildConfigurations = (
				05C9DA0117D43DF90089603A /* Debug */,
				05C9DA0217D43DF90089603A /* Release */,
			);
			defaultConfigurationIsVisible = 0;
			defaultConfigurationName = Release;
		};
/* End XCConfigurationList section */
	};
	rootObject = 05C9D9C717D43DF90089603A /* Project object */;
}
